
Microsoft Visual Studio Solution File, Format Version 12.00
# Visual Studio Version 17
VisualStudioVersion = 17.4.33213.308
MinimumVisualStudioVersion = 10.0.40219.1
Project("{FAE04EC0-301F-11D3-BF4B-00C04F79EFBC}") = "Challengers", "Challengers\Challengers.csproj", "{5444D0C5-0752-4E69-BBDE-911AAECA7470}"
EndProject
Global
	GlobalSection(SolutionConfigurationPlatforms) = preSolution
		Debug|Any CPU = Debug|Any CPU
		Release|Any CPU = Release|Any CPU
	EndGlobalSection
	GlobalSection(ProjectConfigurationPlatforms) = postSolution
		{5444D0C5-0752-4E69-BBDE-911AAECA7470}.Debug|Any CPU.ActiveCfg = Debug|Any CPU
		{5444D0C5-0752-4E69-BBDE-911AAECA7470}.Debug|Any CPU.Build.0 = Debug|Any CPU
		{5444D0C5-0752-4E69-BBDE-911AAECA7470}.Release|Any CPU.ActiveCfg = Release|Any CPU
		{5444D0C5-0752-4E69-BBDE-911AAECA7470}.Release|Any CPU.Build.0 = Release|Any CPU
	EndGlobalSection
	GlobalSection(SolutionProperties) = preSolution
		HideSolutionNode = FALSE
	EndGlobalSection
	GlobalSection(ExtensibilityGlobals) = postSolution
		SolutionGuid = {609D4575-C185-4F5C-9AAC-28CABDBFFD56}
	EndGlobalSection
EndGlobal
